// !$*UTF8*$!
{
	archiveVersion = 1;
	classes = {
	};
	objectVersion = 55;
	objects = {

/* Begin PBXBuildFile section */
		3B00F002293F678C0056B5C9 /* LaoderItem.swift in Sources */ = {isa = PBXBuildFile; fileRef = 3B00F001293F678C0056B5C9 /* LaoderItem.swift */; };
		3B07BB942940D3090088B38B /* GlobalStoreRepository.swift in Sources */ = {isa = PBXBuildFile; fileRef = 3B07BB932940D3090088B38B /* GlobalStoreRepository.swift */; };
		3B0AA8B228D9C5D300CEEFA4 /* AlertShowViewModifier.swift in Sources */ = {isa = PBXBuildFile; fileRef = 3B0AA8B128D9C5D300CEEFA4 /* AlertShowViewModifier.swift */; };
		3B0AA8B428D9C95F00CEEFA4 /* ItemsServiceType.swift in Sources */ = {isa = PBXBuildFile; fileRef = 3B0AA8B328D9C95F00CEEFA4 /* ItemsServiceType.swift */; };
		3B0E36BE293E2B8C009A7DCE /* ButtonView.swift in Sources */ = {isa = PBXBuildFile; fileRef = 3B0E36BD293E2B8C009A7DCE /* ButtonView.swift */; };
		3B0E36C0293E2BA6009A7DCE /* InputPasswordView.swift in Sources */ = {isa = PBXBuildFile; fileRef = 3B0E36BF293E2BA6009A7DCE /* InputPasswordView.swift */; };
		3B1F669628FC0C6C009225A4 /* FeedDispatcher.swift in Sources */ = {isa = PBXBuildFile; fileRef = 3B1F669028FC0C6C009225A4 /* FeedDispatcher.swift */; };
		3B1F669728FC0C6C009225A4 /* FeedState.swift in Sources */ = {isa = PBXBuildFile; fileRef = 3B1F669128FC0C6C009225A4 /* FeedState.swift */; };
		3B1F669828FC0C6C009225A4 /* FeedMutation.swift in Sources */ = {isa = PBXBuildFile; fileRef = 3B1F669228FC0C6C009225A4 /* FeedMutation.swift */; };
		3B1F669A28FC0C6C009225A4 /* Store.swift in Sources */ = {isa = PBXBuildFile; fileRef = 3B1F669428FC0C6C009225A4 /* Store.swift */; };
		3B1F669B28FC0C6C009225A4 /* FeedAction.swift in Sources */ = {isa = PBXBuildFile; fileRef = 3B1F669528FC0C6C009225A4 /* FeedAction.swift */; };
		3B1F669E28FC141F009225A4 /* Entities.swift in Sources */ = {isa = PBXBuildFile; fileRef = 3B1F669D28FC141F009225A4 /* Entities.swift */; };
		3B1F66A028FC1429009225A4 /* AlertProvider.swift in Sources */ = {isa = PBXBuildFile; fileRef = 3B1F669F28FC1429009225A4 /* AlertProvider.swift */; };
		3B2F78A029377EB30035BAAF /* LoginPackages.swift in Sources */ = {isa = PBXBuildFile; fileRef = 3B2F789F29377EB30035BAAF /* LoginPackages.swift */; };
		3B2F78A22937880A0035BAAF /* FeedPackages.swift in Sources */ = {isa = PBXBuildFile; fileRef = 3B2F78A12937880A0035BAAF /* FeedPackages.swift */; };
		3B2F78A62938FBC40035BAAF /* GoogleService-Info.plist in Resources */ = {isa = PBXBuildFile; fileRef = 3B2F78A52938FBC40035BAAF /* GoogleService-Info.plist */; };
		3B306D4B2945DB2D00BEC321 /* Assets.xcassets in Resources */ = {isa = PBXBuildFile; fileRef = 3BFA9FA7288734CE00A7FF2C /* Assets.xcassets */; };
		3B45AC03292BC658002531D8 /* RegistrationServiceError.swift in Sources */ = {isa = PBXBuildFile; fileRef = 3B45AC02292BC658002531D8 /* RegistrationServiceError.swift */; };
		3B45AC05292BC862002531D8 /* LoginDispatcher.swift in Sources */ = {isa = PBXBuildFile; fileRef = 3B45AC04292BC862002531D8 /* LoginDispatcher.swift */; };
		3B45AC08292BC884002531D8 /* LoginStore+Middleware.swift in Sources */ = {isa = PBXBuildFile; fileRef = 3B45AC07292BC884002531D8 /* LoginStore+Middleware.swift */; };
		3B45AC0A292BC8AC002531D8 /* LoginAction.swift in Sources */ = {isa = PBXBuildFile; fileRef = 3B45AC09292BC8AC002531D8 /* LoginAction.swift */; };
		3B45AC0C292BC8C7002531D8 /* LoginMutation.swift in Sources */ = {isa = PBXBuildFile; fileRef = 3B45AC0B292BC8C7002531D8 /* LoginMutation.swift */; };
		3B45AC0E292BC8DE002531D8 /* LoginState.swift in Sources */ = {isa = PBXBuildFile; fileRef = 3B45AC0D292BC8DE002531D8 /* LoginState.swift */; };
		3B45AC10292BC8F6002531D8 /* LoginReducer.swift in Sources */ = {isa = PBXBuildFile; fileRef = 3B45AC0F292BC8F6002531D8 /* LoginReducer.swift */; };
		3B4B8F5B293B922D007B4DC9 /* ProcessViewModifier.swift in Sources */ = {isa = PBXBuildFile; fileRef = 3B4B8F5A293B922D007B4DC9 /* ProcessViewModifier.swift */; };
		3B4C44A729019E5500CDC700 /* FeedReducer.swift in Sources */ = {isa = PBXBuildFile; fileRef = 3B4C44A629019E5500CDC700 /* FeedReducer.swift */; };
		3B5EDCFC294C6E110010C378 /* DeleteModifier.swift in Sources */ = {isa = PBXBuildFile; fileRef = 3B5EDCFB294C6E110010C378 /* DeleteModifier.swift */; };
		3B6B2AED2930C91900784F04 /* ForgotPasswordServiceError.swift in Sources */ = {isa = PBXBuildFile; fileRef = 3B6B2AEC2930C91900784F04 /* ForgotPasswordServiceError.swift */; };
		3B703D522967366500F43A45 /* ForgotPackages.swift in Sources */ = {isa = PBXBuildFile; fileRef = 3B703D4A2967366500F43A45 /* ForgotPackages.swift */; };
		3B703D532967366500F43A45 /* ForgotMutation.swift in Sources */ = {isa = PBXBuildFile; fileRef = 3B703D4B2967366500F43A45 /* ForgotMutation.swift */; };
		3B703D542967366500F43A45 /* ForgotStore+Middleware.swift in Sources */ = {isa = PBXBuildFile; fileRef = 3B703D4C2967366500F43A45 /* ForgotStore+Middleware.swift */; };
		3B703D552967366500F43A45 /* ForgotState.swift in Sources */ = {isa = PBXBuildFile; fileRef = 3B703D4D2967366500F43A45 /* ForgotState.swift */; };
		3B703D562967366500F43A45 /* ForgotDispatcher.swift in Sources */ = {isa = PBXBuildFile; fileRef = 3B703D4E2967366500F43A45 /* ForgotDispatcher.swift */; };
		3B703D572967366500F43A45 /* ForgotAction.swift in Sources */ = {isa = PBXBuildFile; fileRef = 3B703D4F2967366500F43A45 /* ForgotAction.swift */; };
		3B703D592967366500F43A45 /* ForgotReducer.swift in Sources */ = {isa = PBXBuildFile; fileRef = 3B703D512967366500F43A45 /* ForgotReducer.swift */; };
		3B703D5E29698EF200F43A45 /* ProcessProvider.swift in Sources */ = {isa = PBXBuildFile; fileRef = 3B703D5D29698EF200F43A45 /* ProcessProvider.swift */; };
		3B703D6029698F6200F43A45 /* ProgressProvider.swift in Sources */ = {isa = PBXBuildFile; fileRef = 3B703D5F29698F6200F43A45 /* ProgressProvider.swift */; };
		3B703D63296ACE4A00F43A45 /* GlobalCoordinator.swift in Sources */ = {isa = PBXBuildFile; fileRef = 3B703D62296ACE4A00F43A45 /* GlobalCoordinator.swift */; };
		3B77954A2926222000A70A9A /* ProgressViewModifier.swift in Sources */ = {isa = PBXBuildFile; fileRef = 3B7795492926222000A70A9A /* ProgressViewModifier.swift */; };
		3B77954F2926C5E300A70A9A /* ProgressStatusPublisher.swift in Sources */ = {isa = PBXBuildFile; fileRef = 3B77954E2926C5E300A70A9A /* ProgressStatusPublisher.swift */; };
		3B77A12D28F059FB007710E2 /* AwaitPublisher.swift in Sources */ = {isa = PBXBuildFile; fileRef = 3B77A12C28F059FB007710E2 /* AwaitPublisher.swift */; };
		3B7A4B552954525E000AF26A /* MockItemsService.swift in Sources */ = {isa = PBXBuildFile; fileRef = 3B7A4B542954525E000AF26A /* MockItemsService.swift */; };
		3B7A4B5B29546583000AF26A /* FetchedResponce.swift in Sources */ = {isa = PBXBuildFile; fileRef = 3B7A4B5A29546583000AF26A /* FetchedResponce.swift */; };
		3B7AE4C6296C4577002A9948 /* LoginCoordinator+Link.swift in Sources */ = {isa = PBXBuildFile; fileRef = 3B7AE4C5296C4577002A9948 /* LoginCoordinator+Link.swift */; };
		3B7AE4D2296C6085002A9948 /* RegisterationPackages.swift in Sources */ = {isa = PBXBuildFile; fileRef = 3B7AE4CA296C6085002A9948 /* RegisterationPackages.swift */; };
		3B7AE4D3296C6085002A9948 /* RegisterationMutation.swift in Sources */ = {isa = PBXBuildFile; fileRef = 3B7AE4CB296C6085002A9948 /* RegisterationMutation.swift */; };
		3B7AE4D4296C6085002A9948 /* RegisterationStore+Middleware.swift in Sources */ = {isa = PBXBuildFile; fileRef = 3B7AE4CC296C6085002A9948 /* RegisterationStore+Middleware.swift */; };
		3B7AE4D5296C6085002A9948 /* RegisterationState.swift in Sources */ = {isa = PBXBuildFile; fileRef = 3B7AE4CD296C6085002A9948 /* RegisterationState.swift */; };
		3B7AE4D6296C6085002A9948 /* RegisterationDispatcher.swift in Sources */ = {isa = PBXBuildFile; fileRef = 3B7AE4CE296C6085002A9948 /* RegisterationDispatcher.swift */; };
		3B7AE4D7296C6085002A9948 /* RegisterationAction.swift in Sources */ = {isa = PBXBuildFile; fileRef = 3B7AE4CF296C6085002A9948 /* RegisterationAction.swift */; };
		3B7AE4D9296C6085002A9948 /* RegisterationReducer.swift in Sources */ = {isa = PBXBuildFile; fileRef = 3B7AE4D1296C6085002A9948 /* RegisterationReducer.swift */; };
		3B7AE4DB296CB564002A9948 /* GlobalSender.swift in Sources */ = {isa = PBXBuildFile; fileRef = 3B7AE4DA296CB564002A9948 /* GlobalSender.swift */; };
		3B7AE4DD296D6C4D002A9948 /* FeedCoordinator.swift in Sources */ = {isa = PBXBuildFile; fileRef = 3B7AE4DC296D6C4D002A9948 /* FeedCoordinator.swift */; };
		3B81C4F02923D0160008BD8E /* SheetShowViewModifier.swift in Sources */ = {isa = PBXBuildFile; fileRef = 3B81C4EF2923D0160008BD8E /* SheetShowViewModifier.swift */; };
		3B81C4F22924C8820008BD8E /* FeedStore+Middleware.swift in Sources */ = {isa = PBXBuildFile; fileRef = 3B81C4F12924C8820008BD8E /* FeedStore+Middleware.swift */; };
		3B81C4F429251FF70008BD8E /* SessionServiceError.swift in Sources */ = {isa = PBXBuildFile; fileRef = 3B81C4F329251FF70008BD8E /* SessionServiceError.swift */; };
		3B920391292FC49500A1DD63 /* FirebaseAuth in Frameworks */ = {isa = PBXBuildFile; productRef = 3B9DBAA228BD6502006C2407 /* FirebaseAuth */; };
		3B920392292FC49500A1DD63 /* FirebaseDatabase in Frameworks */ = {isa = PBXBuildFile; productRef = 3B9DBAA428BD6502006C2407 /* FirebaseDatabase */; };
		3B920393292FC49500A1DD63 /* FirebaseFirestore in Frameworks */ = {isa = PBXBuildFile; productRef = 3B9DBAA628BD6502006C2407 /* FirebaseFirestore */; };
		3B920394292FC49500A1DD63 /* FirebaseStorage in Frameworks */ = {isa = PBXBuildFile; productRef = 3B9DBAA828BD6502006C2407 /* FirebaseStorage */; };
		3BAC25FE28E5B8FA00E9D3C1 /* AboutView.swift in Sources */ = {isa = PBXBuildFile; fileRef = 3BAC25FD28E5B8FA00E9D3C1 /* AboutView.swift */; };
		3BB7861B294886D400012DB0 /* Progress.swift in Sources */ = {isa = PBXBuildFile; fileRef = 3BB7861A294886D400012DB0 /* Progress.swift */; };
		3BB7861D294893C600012DB0 /* ScrollView.swift in Sources */ = {isa = PBXBuildFile; fileRef = 3BB7861C294893C600012DB0 /* ScrollView.swift */; };
		3BC0A334292FEFAA008B348D /* LoginServiceError.swift in Sources */ = {isa = PBXBuildFile; fileRef = 3BC0A333292FEFAA008B348D /* LoginServiceError.swift */; };
		3BC63D3F29509E2F00DF54A8 /* FeedCollectionView.swift in Sources */ = {isa = PBXBuildFile; fileRef = 3BC63D3E29509E2F00DF54A8 /* FeedCollectionView.swift */; };
		3BC63D412951B1C300DF54A8 /* SearchBar.swift in Sources */ = {isa = PBXBuildFile; fileRef = 3BC63D402951B1C300DF54A8 /* SearchBar.swift */; };
		3BD6489B290D330C0029F4E9 /* Array.swift in Sources */ = {isa = PBXBuildFile; fileRef = 3BD6489A290D330C0029F4E9 /* Array.swift */; };
		3BD6489D290E80040029F4E9 /* Middleware.swift in Sources */ = {isa = PBXBuildFile; fileRef = 3BD6489C290E80040029F4E9 /* Middleware.swift */; };
		3BD76EEA2899AF6C001D64E2 /* FeedView.swift in Sources */ = {isa = PBXBuildFile; fileRef = 3BD76ECE2899AF6C001D64E2 /* FeedView.swift */; };
		3BD76EEC2899AF6C001D64E2 /* RegistrationService.swift in Sources */ = {isa = PBXBuildFile; fileRef = 3BD76ED32899AF6C001D64E2 /* RegistrationService.swift */; };
		3BD76EED2899AF6C001D64E2 /* RegisterView.swift in Sources */ = {isa = PBXBuildFile; fileRef = 3BD76ED52899AF6C001D64E2 /* RegisterView.swift */; };
		3BD76EEF2899AF6C001D64E2 /* ForgotPasswordService.swift in Sources */ = {isa = PBXBuildFile; fileRef = 3BD76EDA2899AF6C001D64E2 /* ForgotPasswordService.swift */; };
		3BD76EF02899AF6C001D64E2 /* ForgotPasswordView.swift in Sources */ = {isa = PBXBuildFile; fileRef = 3BD76EDC2899AF6C001D64E2 /* ForgotPasswordView.swift */; };
		3BD76EF22899AF6C001D64E2 /* LoginService.swift in Sources */ = {isa = PBXBuildFile; fileRef = 3BD76EE12899AF6C001D64E2 /* LoginService.swift */; };
		3BD76EF32899AF6C001D64E2 /* LoginView.swift in Sources */ = {isa = PBXBuildFile; fileRef = 3BD76EE32899AF6C001D64E2 /* LoginView.swift */; };
		3BD76EF42899AF6C001D64E2 /* SessionService.swift in Sources */ = {isa = PBXBuildFile; fileRef = 3BD76EE62899AF6C001D64E2 /* SessionService.swift */; };
		3BD76EF52899AF6C001D64E2 /* NavigationCloseViewModifier.swift in Sources */ = {isa = PBXBuildFile; fileRef = 3BD76EE92899AF6C001D64E2 /* NavigationCloseViewModifier.swift */; };
		3BD76EFA28A1ABD2001D64E2 /* Item.swift in Sources */ = {isa = PBXBuildFile; fileRef = 3BD76EF928A1ABD2001D64E2 /* Item.swift */; };
		3BE57E4B294241A4004B4423 /* ImageView.swift in Sources */ = {isa = PBXBuildFile; fileRef = 3BE57E4A294241A4004B4423 /* ImageView.swift */; };
		3BE57E4D2943362E004B4423 /* FeedCellView.swift in Sources */ = {isa = PBXBuildFile; fileRef = 3BE57E4C2943362E004B4423 /* FeedCellView.swift */; };
		3BFA9FA4288734CA00A7FF2C /* FirebaseUserStoreApp.swift in Sources */ = {isa = PBXBuildFile; fileRef = 3BFA9FA3288734CA00A7FF2C /* FirebaseUserStoreApp.swift */; };
		3BFAB6CE28BBEA1C002488FF /* ItemsService.swift in Sources */ = {isa = PBXBuildFile; fileRef = 3BFAB6CD28BBEA1C002488FF /* ItemsService.swift */; };
		3BFBA694290AC98000AE9B82 /* ItemsServiceError.swift in Sources */ = {isa = PBXBuildFile; fileRef = 3BFBA693290AC98000AE9B82 /* ItemsServiceError.swift */; };
/* End PBXBuildFile section */

/* Begin PBXFileReference section */
		3B00F001293F678C0056B5C9 /* LaoderItem.swift */ = {isa = PBXFileReference; lastKnownFileType = sourcecode.swift; path = LaoderItem.swift; sourceTree = "<group>"; };
		3B07BB932940D3090088B38B /* GlobalStoreRepository.swift */ = {isa = PBXFileReference; lastKnownFileType = sourcecode.swift; path = GlobalStoreRepository.swift; sourceTree = "<group>"; };
		3B0AA8B128D9C5D300CEEFA4 /* AlertShowViewModifier.swift */ = {isa = PBXFileReference; lastKnownFileType = sourcecode.swift; path = AlertShowViewModifier.swift; sourceTree = "<group>"; };
		3B0AA8B328D9C95F00CEEFA4 /* ItemsServiceType.swift */ = {isa = PBXFileReference; lastKnownFileType = sourcecode.swift; path = ItemsServiceType.swift; sourceTree = "<group>"; };
		3B0E36BD293E2B8C009A7DCE /* ButtonView.swift */ = {isa = PBXFileReference; lastKnownFileType = sourcecode.swift; path = ButtonView.swift; sourceTree = "<group>"; };
		3B0E36BF293E2BA6009A7DCE /* InputPasswordView.swift */ = {isa = PBXFileReference; lastKnownFileType = sourcecode.swift; path = InputPasswordView.swift; sourceTree = "<group>"; };
		3B1F669028FC0C6C009225A4 /* FeedDispatcher.swift */ = {isa = PBXFileReference; fileEncoding = 4; lastKnownFileType = sourcecode.swift; path = FeedDispatcher.swift; sourceTree = "<group>"; };
		3B1F669128FC0C6C009225A4 /* FeedState.swift */ = {isa = PBXFileReference; fileEncoding = 4; lastKnownFileType = sourcecode.swift; path = FeedState.swift; sourceTree = "<group>"; };
		3B1F669228FC0C6C009225A4 /* FeedMutation.swift */ = {isa = PBXFileReference; fileEncoding = 4; lastKnownFileType = sourcecode.swift; path = FeedMutation.swift; sourceTree = "<group>"; };
		3B1F669428FC0C6C009225A4 /* Store.swift */ = {isa = PBXFileReference; fileEncoding = 4; lastKnownFileType = sourcecode.swift; path = Store.swift; sourceTree = "<group>"; };
		3B1F669528FC0C6C009225A4 /* FeedAction.swift */ = {isa = PBXFileReference; fileEncoding = 4; lastKnownFileType = sourcecode.swift; path = FeedAction.swift; sourceTree = "<group>"; };
		3B1F669D28FC141F009225A4 /* Entities.swift */ = {isa = PBXFileReference; lastKnownFileType = sourcecode.swift; path = Entities.swift; sourceTree = "<group>"; };
		3B1F669F28FC1429009225A4 /* AlertProvider.swift */ = {isa = PBXFileReference; lastKnownFileType = sourcecode.swift; path = AlertProvider.swift; sourceTree = "<group>"; };
		3B2F789F29377EB30035BAAF /* LoginPackages.swift */ = {isa = PBXFileReference; lastKnownFileType = sourcecode.swift; path = LoginPackages.swift; sourceTree = "<group>"; };
		3B2F78A12937880A0035BAAF /* FeedPackages.swift */ = {isa = PBXFileReference; lastKnownFileType = sourcecode.swift; path = FeedPackages.swift; sourceTree = "<group>"; };
		3B2F78A52938FBC40035BAAF /* GoogleService-Info.plist */ = {isa = PBXFileReference; fileEncoding = 4; lastKnownFileType = text.plist.xml; path = "GoogleService-Info.plist"; sourceTree = "<group>"; };
		3B45AC02292BC658002531D8 /* RegistrationServiceError.swift */ = {isa = PBXFileReference; lastKnownFileType = sourcecode.swift; path = RegistrationServiceError.swift; sourceTree = "<group>"; };
		3B45AC04292BC862002531D8 /* LoginDispatcher.swift */ = {isa = PBXFileReference; lastKnownFileType = sourcecode.swift; path = LoginDispatcher.swift; sourceTree = "<group>"; };
		3B45AC07292BC884002531D8 /* LoginStore+Middleware.swift */ = {isa = PBXFileReference; lastKnownFileType = sourcecode.swift; path = "LoginStore+Middleware.swift"; sourceTree = "<group>"; };
		3B45AC09292BC8AC002531D8 /* LoginAction.swift */ = {isa = PBXFileReference; lastKnownFileType = sourcecode.swift; path = LoginAction.swift; sourceTree = "<group>"; };
		3B45AC0B292BC8C7002531D8 /* LoginMutation.swift */ = {isa = PBXFileReference; lastKnownFileType = sourcecode.swift; path = LoginMutation.swift; sourceTree = "<group>"; };
		3B45AC0D292BC8DE002531D8 /* LoginState.swift */ = {isa = PBXFileReference; lastKnownFileType = sourcecode.swift; path = LoginState.swift; sourceTree = "<group>"; };
		3B45AC0F292BC8F6002531D8 /* LoginReducer.swift */ = {isa = PBXFileReference; lastKnownFileType = sourcecode.swift; path = LoginReducer.swift; sourceTree = "<group>"; };
		3B4B8F5A293B922D007B4DC9 /* ProcessViewModifier.swift */ = {isa = PBXFileReference; lastKnownFileType = sourcecode.swift; path = ProcessViewModifier.swift; sourceTree = "<group>"; };
		3B4C44A629019E5500CDC700 /* FeedReducer.swift */ = {isa = PBXFileReference; fileEncoding = 4; lastKnownFileType = sourcecode.swift; path = FeedReducer.swift; sourceTree = "<group>"; };
		3B5EDCFB294C6E110010C378 /* DeleteModifier.swift */ = {isa = PBXFileReference; lastKnownFileType = sourcecode.swift; path = DeleteModifier.swift; sourceTree = "<group>"; };
		3B6B2AEC2930C91900784F04 /* ForgotPasswordServiceError.swift */ = {isa = PBXFileReference; lastKnownFileType = sourcecode.swift; path = ForgotPasswordServiceError.swift; sourceTree = "<group>"; };
		3B703D4A2967366500F43A45 /* ForgotPackages.swift */ = {isa = PBXFileReference; fileEncoding = 4; lastKnownFileType = sourcecode.swift; path = ForgotPackages.swift; sourceTree = "<group>"; };
		3B703D4B2967366500F43A45 /* ForgotMutation.swift */ = {isa = PBXFileReference; fileEncoding = 4; lastKnownFileType = sourcecode.swift; path = ForgotMutation.swift; sourceTree = "<group>"; };
		3B703D4C2967366500F43A45 /* ForgotStore+Middleware.swift */ = {isa = PBXFileReference; fileEncoding = 4; lastKnownFileType = sourcecode.swift; path = "ForgotStore+Middleware.swift"; sourceTree = "<group>"; };
		3B703D4D2967366500F43A45 /* ForgotState.swift */ = {isa = PBXFileReference; fileEncoding = 4; lastKnownFileType = sourcecode.swift; path = ForgotState.swift; sourceTree = "<group>"; };
		3B703D4E2967366500F43A45 /* ForgotDispatcher.swift */ = {isa = PBXFileReference; fileEncoding = 4; lastKnownFileType = sourcecode.swift; path = ForgotDispatcher.swift; sourceTree = "<group>"; };
		3B703D4F2967366500F43A45 /* ForgotAction.swift */ = {isa = PBXFileReference; fileEncoding = 4; lastKnownFileType = sourcecode.swift; path = ForgotAction.swift; sourceTree = "<group>"; };
		3B703D512967366500F43A45 /* ForgotReducer.swift */ = {isa = PBXFileReference; fileEncoding = 4; lastKnownFileType = sourcecode.swift; path = ForgotReducer.swift; sourceTree = "<group>"; };
		3B703D5D29698EF200F43A45 /* ProcessProvider.swift */ = {isa = PBXFileReference; lastKnownFileType = sourcecode.swift; path = ProcessProvider.swift; sourceTree = "<group>"; };
		3B703D5F29698F6200F43A45 /* ProgressProvider.swift */ = {isa = PBXFileReference; lastKnownFileType = sourcecode.swift; path = ProgressProvider.swift; sourceTree = "<group>"; };
		3B703D62296ACE4A00F43A45 /* GlobalCoordinator.swift */ = {isa = PBXFileReference; lastKnownFileType = sourcecode.swift; path = GlobalCoordinator.swift; sourceTree = "<group>"; };
		3B7795492926222000A70A9A /* ProgressViewModifier.swift */ = {isa = PBXFileReference; lastKnownFileType = sourcecode.swift; path = ProgressViewModifier.swift; sourceTree = "<group>"; };
		3B77954E2926C5E300A70A9A /* ProgressStatusPublisher.swift */ = {isa = PBXFileReference; lastKnownFileType = sourcecode.swift; path = ProgressStatusPublisher.swift; sourceTree = "<group>"; };
		3B77A12C28F059FB007710E2 /* AwaitPublisher.swift */ = {isa = PBXFileReference; lastKnownFileType = sourcecode.swift; path = AwaitPublisher.swift; sourceTree = "<group>"; };
		3B77A13528F44BDB007710E2 /* Info.plist */ = {isa = PBXFileReference; lastKnownFileType = text.plist; path = Info.plist; sourceTree = "<group>"; };
		3B7A4B542954525E000AF26A /* MockItemsService.swift */ = {isa = PBXFileReference; lastKnownFileType = sourcecode.swift; path = MockItemsService.swift; sourceTree = "<group>"; };
		3B7A4B5A29546583000AF26A /* FetchedResponce.swift */ = {isa = PBXFileReference; lastKnownFileType = sourcecode.swift; path = FetchedResponce.swift; sourceTree = "<group>"; };
		3B7AE4C5296C4577002A9948 /* LoginCoordinator+Link.swift */ = {isa = PBXFileReference; lastKnownFileType = sourcecode.swift; path = "LoginCoordinator+Link.swift"; sourceTree = "<group>"; };
		3B7AE4CA296C6085002A9948 /* RegisterationPackages.swift */ = {isa = PBXFileReference; fileEncoding = 4; lastKnownFileType = sourcecode.swift; path = RegisterationPackages.swift; sourceTree = "<group>"; };
		3B7AE4CB296C6085002A9948 /* RegisterationMutation.swift */ = {isa = PBXFileReference; fileEncoding = 4; lastKnownFileType = sourcecode.swift; path = RegisterationMutation.swift; sourceTree = "<group>"; };
		3B7AE4CC296C6085002A9948 /* RegisterationStore+Middleware.swift */ = {isa = PBXFileReference; fileEncoding = 4; lastKnownFileType = sourcecode.swift; path = "RegisterationStore+Middleware.swift"; sourceTree = "<group>"; };
		3B7AE4CD296C6085002A9948 /* RegisterationState.swift */ = {isa = PBXFileReference; fileEncoding = 4; lastKnownFileType = sourcecode.swift; path = RegisterationState.swift; sourceTree = "<group>"; };
		3B7AE4CE296C6085002A9948 /* RegisterationDispatcher.swift */ = {isa = PBXFileReference; fileEncoding = 4; lastKnownFileType = sourcecode.swift; path = RegisterationDispatcher.swift; sourceTree = "<group>"; };
		3B7AE4CF296C6085002A9948 /* RegisterationAction.swift */ = {isa = PBXFileReference; fileEncoding = 4; lastKnownFileType = sourcecode.swift; path = RegisterationAction.swift; sourceTree = "<group>"; };
		3B7AE4D1296C6085002A9948 /* RegisterationReducer.swift */ = {isa = PBXFileReference; fileEncoding = 4; lastKnownFileType = sourcecode.swift; path = RegisterationReducer.swift; sourceTree = "<group>"; };
		3B7AE4DA296CB564002A9948 /* GlobalSender.swift */ = {isa = PBXFileReference; lastKnownFileType = sourcecode.swift; path = GlobalSender.swift; sourceTree = "<group>"; };
		3B7AE4DC296D6C4D002A9948 /* FeedCoordinator.swift */ = {isa = PBXFileReference; lastKnownFileType = sourcecode.swift; path = FeedCoordinator.swift; sourceTree = "<group>"; };
		3B81C4EF2923D0160008BD8E /* SheetShowViewModifier.swift */ = {isa = PBXFileReference; lastKnownFileType = sourcecode.swift; path = SheetShowViewModifier.swift; sourceTree = "<group>"; };
		3B81C4F12924C8820008BD8E /* FeedStore+Middleware.swift */ = {isa = PBXFileReference; lastKnownFileType = sourcecode.swift; path = "FeedStore+Middleware.swift"; sourceTree = "<group>"; };
		3B81C4F329251FF70008BD8E /* SessionServiceError.swift */ = {isa = PBXFileReference; lastKnownFileType = sourcecode.swift; path = SessionServiceError.swift; sourceTree = "<group>"; };
		3BAC25FD28E5B8FA00E9D3C1 /* AboutView.swift */ = {isa = PBXFileReference; lastKnownFileType = sourcecode.swift; path = AboutView.swift; sourceTree = "<group>"; };
		3BB7861A294886D400012DB0 /* Progress.swift */ = {isa = PBXFileReference; lastKnownFileType = sourcecode.swift; path = Progress.swift; sourceTree = "<group>"; };
		3BB7861C294893C600012DB0 /* ScrollView.swift */ = {isa = PBXFileReference; lastKnownFileType = sourcecode.swift; path = ScrollView.swift; sourceTree = "<group>"; };
		3BC0A333292FEFAA008B348D /* LoginServiceError.swift */ = {isa = PBXFileReference; lastKnownFileType = sourcecode.swift; path = LoginServiceError.swift; sourceTree = "<group>"; };
		3BC63D3E29509E2F00DF54A8 /* FeedCollectionView.swift */ = {isa = PBXFileReference; lastKnownFileType = sourcecode.swift; path = FeedCollectionView.swift; sourceTree = "<group>"; };
		3BC63D402951B1C300DF54A8 /* SearchBar.swift */ = {isa = PBXFileReference; lastKnownFileType = sourcecode.swift; path = SearchBar.swift; sourceTree = "<group>"; };
		3BD6489A290D330C0029F4E9 /* Array.swift */ = {isa = PBXFileReference; lastKnownFileType = sourcecode.swift; path = Array.swift; sourceTree = "<group>"; };
		3BD6489C290E80040029F4E9 /* Middleware.swift */ = {isa = PBXFileReference; lastKnownFileType = sourcecode.swift; path = Middleware.swift; sourceTree = "<group>"; };
		3BD76ECE2899AF6C001D64E2 /* FeedView.swift */ = {isa = PBXFileReference; fileEncoding = 4; lastKnownFileType = sourcecode.swift; path = FeedView.swift; sourceTree = "<group>"; };
		3BD76ED32899AF6C001D64E2 /* RegistrationService.swift */ = {isa = PBXFileReference; fileEncoding = 4; lastKnownFileType = sourcecode.swift; path = RegistrationService.swift; sourceTree = "<group>"; };
		3BD76ED52899AF6C001D64E2 /* RegisterView.swift */ = {isa = PBXFileReference; fileEncoding = 4; lastKnownFileType = sourcecode.swift; path = RegisterView.swift; sourceTree = "<group>"; };
		3BD76EDA2899AF6C001D64E2 /* ForgotPasswordService.swift */ = {isa = PBXFileReference; fileEncoding = 4; lastKnownFileType = sourcecode.swift; path = ForgotPasswordService.swift; sourceTree = "<group>"; };
		3BD76EDC2899AF6C001D64E2 /* ForgotPasswordView.swift */ = {isa = PBXFileReference; fileEncoding = 4; lastKnownFileType = sourcecode.swift; path = ForgotPasswordView.swift; sourceTree = "<group>"; };
		3BD76EE12899AF6C001D64E2 /* LoginService.swift */ = {isa = PBXFileReference; fileEncoding = 4; lastKnownFileType = sourcecode.swift; path = LoginService.swift; sourceTree = "<group>"; };
		3BD76EE32899AF6C001D64E2 /* LoginView.swift */ = {isa = PBXFileReference; fileEncoding = 4; lastKnownFileType = sourcecode.swift; path = LoginView.swift; sourceTree = "<group>"; };
		3BD76EE62899AF6C001D64E2 /* SessionService.swift */ = {isa = PBXFileReference; fileEncoding = 4; lastKnownFileType = sourcecode.swift; path = SessionService.swift; sourceTree = "<group>"; };
		3BD76EE92899AF6C001D64E2 /* NavigationCloseViewModifier.swift */ = {isa = PBXFileReference; fileEncoding = 4; lastKnownFileType = sourcecode.swift; path = NavigationCloseViewModifier.swift; sourceTree = "<group>"; };
		3BD76EF928A1ABD2001D64E2 /* Item.swift */ = {isa = PBXFileReference; lastKnownFileType = sourcecode.swift; path = Item.swift; sourceTree = "<group>"; };
		3BE57E4A294241A4004B4423 /* ImageView.swift */ = {isa = PBXFileReference; lastKnownFileType = sourcecode.swift; path = ImageView.swift; sourceTree = "<group>"; };
		3BE57E4C2943362E004B4423 /* FeedCellView.swift */ = {isa = PBXFileReference; lastKnownFileType = sourcecode.swift; path = FeedCellView.swift; sourceTree = "<group>"; };
		3BFA9FA0288734CA00A7FF2C /* FirebaseUserStore.app */ = {isa = PBXFileReference; explicitFileType = wrapper.application; includeInIndex = 0; path = FirebaseUserStore.app; sourceTree = BUILT_PRODUCTS_DIR; };
		3BFA9FA3288734CA00A7FF2C /* FirebaseUserStoreApp.swift */ = {isa = PBXFileReference; lastKnownFileType = sourcecode.swift; path = FirebaseUserStoreApp.swift; sourceTree = "<group>"; };
		3BFA9FA7288734CE00A7FF2C /* Assets.xcassets */ = {isa = PBXFileReference; lastKnownFileType = folder.assetcatalog; path = Assets.xcassets; sourceTree = "<group>"; };
		3BFA9FAA288734CE00A7FF2C /* Preview Assets.xcassets */ = {isa = PBXFileReference; lastKnownFileType = folder.assetcatalog; path = "Preview Assets.xcassets"; sourceTree = "<group>"; };
		3BFAB6CD28BBEA1C002488FF /* ItemsService.swift */ = {isa = PBXFileReference; lastKnownFileType = sourcecode.swift; path = ItemsService.swift; sourceTree = "<group>"; };
		3BFBA693290AC98000AE9B82 /* ItemsServiceError.swift */ = {isa = PBXFileReference; lastKnownFileType = sourcecode.swift; path = ItemsServiceError.swift; sourceTree = "<group>"; };
/* End PBXFileReference section */

/* Begin PBXFrameworksBuildPhase section */
		3BFA9F9D288734CA00A7FF2C /* Frameworks */ = {
			isa = PBXFrameworksBuildPhase;
			buildActionMask = 2147483647;
			files = (
				3B920394292FC49500A1DD63 /* FirebaseStorage in Frameworks */,
				3B920393292FC49500A1DD63 /* FirebaseFirestore in Frameworks */,
				3B920392292FC49500A1DD63 /* FirebaseDatabase in Frameworks */,
				3B920391292FC49500A1DD63 /* FirebaseAuth in Frameworks */,
			);
			runOnlyForDeploymentPostprocessing = 0;
		};
/* End PBXFrameworksBuildPhase section */

/* Begin PBXGroup section */
		3B07BB922940D2B90088B38B /* Repos */ = {
			isa = PBXGroup;
			children = (
				3B07BB932940D3090088B38B /* GlobalStoreRepository.swift */,
			);
			path = Repos;
			sourceTree = "<group>";
		};
		3B0E36BB293E2B57009A7DCE /* Views */ = {
			isa = PBXGroup;
			children = (
				3B0E36BD293E2B8C009A7DCE /* ButtonView.swift */,
				3B0E36BF293E2BA6009A7DCE /* InputPasswordView.swift */,
				3BE57E4A294241A4004B4423 /* ImageView.swift */,
				3BB7861A294886D400012DB0 /* Progress.swift */,
				3BB7861C294893C600012DB0 /* ScrollView.swift */,
				3BC63D402951B1C300DF54A8 /* SearchBar.swift */,
			);
			path = Views;
			sourceTree = "<group>";
		};
		3B1F668F28FC0C6C009225A4 /* Store */ = {
			isa = PBXGroup;
			children = (
				3B1F669028FC0C6C009225A4 /* FeedDispatcher.swift */,
				3B4C44A629019E5500CDC700 /* FeedReducer.swift */,
				3B1F669128FC0C6C009225A4 /* FeedState.swift */,
				3B1F669228FC0C6C009225A4 /* FeedMutation.swift */,
				3B1F669528FC0C6C009225A4 /* FeedAction.swift */,
				3B81C4F12924C8820008BD8E /* FeedStore+Middleware.swift */,
				3B2F78A12937880A0035BAAF /* FeedPackages.swift */,
				3B7AE4DC296D6C4D002A9948 /* FeedCoordinator.swift */,
			);
			path = Store;
			sourceTree = "<group>";
		};
		3B1F669C28FC1404009225A4 /* Store */ = {
			isa = PBXGroup;
			children = (
				3B1F669428FC0C6C009225A4 /* Store.swift */,
				3B1F669D28FC141F009225A4 /* Entities.swift */,
				3BD6489C290E80040029F4E9 /* Middleware.swift */,
			);
			path = Store;
			sourceTree = "<group>";
		};
		3B633830292BB99100F7A07F /* Store */ = {
			isa = PBXGroup;
			children = (
				3B45AC04292BC862002531D8 /* LoginDispatcher.swift */,
				3B45AC07292BC884002531D8 /* LoginStore+Middleware.swift */,
				3B45AC09292BC8AC002531D8 /* LoginAction.swift */,
				3B45AC0B292BC8C7002531D8 /* LoginMutation.swift */,
				3B45AC0D292BC8DE002531D8 /* LoginState.swift */,
				3B45AC0F292BC8F6002531D8 /* LoginReducer.swift */,
				3B2F789F29377EB30035BAAF /* LoginPackages.swift */,
				3B7AE4C5296C4577002A9948 /* LoginCoordinator+Link.swift */,
			);
			path = Store;
			sourceTree = "<group>";
		};
		3B703D492967366500F43A45 /* Store */ = {
			isa = PBXGroup;
			children = (
				3B703D4E2967366500F43A45 /* ForgotDispatcher.swift */,
				3B703D4D2967366500F43A45 /* ForgotState.swift */,
				3B703D4F2967366500F43A45 /* ForgotAction.swift */,
				3B703D4B2967366500F43A45 /* ForgotMutation.swift */,
				3B703D512967366500F43A45 /* ForgotReducer.swift */,
				3B703D4C2967366500F43A45 /* ForgotStore+Middleware.swift */,
				3B703D4A2967366500F43A45 /* ForgotPackages.swift */,
			);
			path = Store;
			sourceTree = "<group>";
		};
		3B703D5A29698EB900F43A45 /* Providers */ = {
			isa = PBXGroup;
			children = (
				3B1F669F28FC1429009225A4 /* AlertProvider.swift */,
				3B703D5D29698EF200F43A45 /* ProcessProvider.swift */,
				3B703D5F29698F6200F43A45 /* ProgressProvider.swift */,
			);
			path = Providers;
			sourceTree = "<group>";
		};
		3B703D61296ACE3400F43A45 /* Coordinator */ = {
			isa = PBXGroup;
			children = (
				3B703D62296ACE4A00F43A45 /* GlobalCoordinator.swift */,
				3B7AE4DA296CB564002A9948 /* GlobalSender.swift */,
			);
			path = Coordinator;
			sourceTree = "<group>";
		};
		3B7A4B5329545248000AF26A /* mock */ = {
			isa = PBXGroup;
			children = (
				3B7A4B542954525E000AF26A /* MockItemsService.swift */,
			);
			path = mock;
			sourceTree = "<group>";
		};
		3B7A4B5729545596000AF26A /* Service */ = {
			isa = PBXGroup;
			children = (
				3B7A4B5A29546583000AF26A /* FetchedResponce.swift */,
			);
			path = Service;
			sourceTree = "<group>";
		};
		3B7AE4C9296C6085002A9948 /* Store */ = {
			isa = PBXGroup;
			children = (
				3B7AE4CA296C6085002A9948 /* RegisterationPackages.swift */,
				3B7AE4CB296C6085002A9948 /* RegisterationMutation.swift */,
				3B7AE4CC296C6085002A9948 /* RegisterationStore+Middleware.swift */,
				3B7AE4CD296C6085002A9948 /* RegisterationState.swift */,
				3B7AE4CE296C6085002A9948 /* RegisterationDispatcher.swift */,
				3B7AE4CF296C6085002A9948 /* RegisterationAction.swift */,
				3B7AE4D1296C6085002A9948 /* RegisterationReducer.swift */,
			);
			path = Store;
			sourceTree = "<group>";
		};
		3B81C4EE2923CEE40008BD8E /* About */ = {
			isa = PBXGroup;
			children = (
				3BAC25FD28E5B8FA00E9D3C1 /* AboutView.swift */,
			);
			path = About;
			sourceTree = "<group>";
		};
		3BD76ECB2899AF6C001D64E2 /* App */ = {
			isa = PBXGroup;
			children = (
				3BD76ECC2899AF6C001D64E2 /* Feed */,
				3BD76ECF2899AF6C001D64E2 /* Registration */,
				3BD76ED62899AF6C001D64E2 /* Forgot Password */,
				3BD76EDD2899AF6C001D64E2 /* Login */,
				3BD76EE42899AF6C001D64E2 /* Session */,
			);
			path = App;
			sourceTree = "<group>";
		};
		3BD76ECC2899AF6C001D64E2 /* Feed */ = {
			isa = PBXGroup;
			children = (
				3B81C4EE2923CEE40008BD8E /* About */,
				3B1F668F28FC0C6C009225A4 /* Store */,
				3BFAB6CC28BBE9E7002488FF /* Service */,
				3BD76EFB28A1AC79001D64E2 /* Model */,
				3BD76ECD2899AF6C001D64E2 /* Feed */,
			);
			path = Feed;
			sourceTree = "<group>";
		};
		3BD76ECD2899AF6C001D64E2 /* Feed */ = {
			isa = PBXGroup;
			children = (
				3BD76ECE2899AF6C001D64E2 /* FeedView.swift */,
				3BE57E4C2943362E004B4423 /* FeedCellView.swift */,
				3BC63D3E29509E2F00DF54A8 /* FeedCollectionView.swift */,
			);
			path = Feed;
			sourceTree = "<group>";
		};
		3BD76ECF2899AF6C001D64E2 /* Registration */ = {
			isa = PBXGroup;
			children = (
				3B7AE4C9296C6085002A9948 /* Store */,
				3BD76ED22899AF6C001D64E2 /* Service */,
				3BD76ED42899AF6C001D64E2 /* View */,
			);
			path = Registration;
			sourceTree = "<group>";
		};
		3BD76ED22899AF6C001D64E2 /* Service */ = {
			isa = PBXGroup;
			children = (
				3BD76ED32899AF6C001D64E2 /* RegistrationService.swift */,
				3B45AC02292BC658002531D8 /* RegistrationServiceError.swift */,
			);
			path = Service;
			sourceTree = "<group>";
		};
		3BD76ED42899AF6C001D64E2 /* View */ = {
			isa = PBXGroup;
			children = (
				3BD76ED52899AF6C001D64E2 /* RegisterView.swift */,
			);
			path = View;
			sourceTree = "<group>";
		};
		3BD76ED62899AF6C001D64E2 /* Forgot Password */ = {
			isa = PBXGroup;
			children = (
				3B703D492967366500F43A45 /* Store */,
				3BD76ED92899AF6C001D64E2 /* Service */,
				3BD76EDB2899AF6C001D64E2 /* Views */,
			);
			path = "Forgot Password";
			sourceTree = "<group>";
		};
		3BD76ED92899AF6C001D64E2 /* Service */ = {
			isa = PBXGroup;
			children = (
				3BD76EDA2899AF6C001D64E2 /* ForgotPasswordService.swift */,
				3B6B2AEC2930C91900784F04 /* ForgotPasswordServiceError.swift */,
			);
			path = Service;
			sourceTree = "<group>";
		};
		3BD76EDB2899AF6C001D64E2 /* Views */ = {
			isa = PBXGroup;
			children = (
				3BD76EDC2899AF6C001D64E2 /* ForgotPasswordView.swift */,
			);
			path = Views;
			sourceTree = "<group>";
		};
		3BD76EDD2899AF6C001D64E2 /* Login */ = {
			isa = PBXGroup;
			children = (
				3B633830292BB99100F7A07F /* Store */,
				3BD76EE02899AF6C001D64E2 /* Service */,
				3BD76EE22899AF6C001D64E2 /* Views */,
			);
			path = Login;
			sourceTree = "<group>";
		};
		3BD76EE02899AF6C001D64E2 /* Service */ = {
			isa = PBXGroup;
			children = (
				3BD76EE12899AF6C001D64E2 /* LoginService.swift */,
				3BC0A333292FEFAA008B348D /* LoginServiceError.swift */,
			);
			path = Service;
			sourceTree = "<group>";
		};
		3BD76EE22899AF6C001D64E2 /* Views */ = {
			isa = PBXGroup;
			children = (
				3BD76EE32899AF6C001D64E2 /* LoginView.swift */,
			);
			path = Views;
			sourceTree = "<group>";
		};
		3BD76EE42899AF6C001D64E2 /* Session */ = {
			isa = PBXGroup;
			children = (
				3BD76EE52899AF6C001D64E2 /* Service */,
			);
			path = Session;
			sourceTree = "<group>";
		};
		3BD76EE52899AF6C001D64E2 /* Service */ = {
			isa = PBXGroup;
			children = (
				3BD76EE62899AF6C001D64E2 /* SessionService.swift */,
				3B81C4F329251FF70008BD8E /* SessionServiceError.swift */,
			);
			path = Service;
			sourceTree = "<group>";
		};
		3BD76EE72899AF6C001D64E2 /* Base */ = {
			isa = PBXGroup;
			children = (
				3B703D5A29698EB900F43A45 /* Providers */,
				3B7A4B5729545596000AF26A /* Service */,
				3B0E36BB293E2B57009A7DCE /* Views */,
				3BD76EE82899AF6C001D64E2 /* Modifiers */,
				3B77A12C28F059FB007710E2 /* AwaitPublisher.swift */,
				3B77954E2926C5E300A70A9A /* ProgressStatusPublisher.swift */,
			);
			path = Base;
			sourceTree = "<group>";
		};
		3BD76EE82899AF6C001D64E2 /* Modifiers */ = {
			isa = PBXGroup;
			children = (
				3BD76EE92899AF6C001D64E2 /* NavigationCloseViewModifier.swift */,
				3B0AA8B128D9C5D300CEEFA4 /* AlertShowViewModifier.swift */,
				3BD6489A290D330C0029F4E9 /* Array.swift */,
				3B81C4EF2923D0160008BD8E /* SheetShowViewModifier.swift */,
				3B7795492926222000A70A9A /* ProgressViewModifier.swift */,
				3B4B8F5A293B922D007B4DC9 /* ProcessViewModifier.swift */,
				3B5EDCFB294C6E110010C378 /* DeleteModifier.swift */,
			);
			path = Modifiers;
			sourceTree = "<group>";
		};
		3BD76EFB28A1AC79001D64E2 /* Model */ = {
			isa = PBXGroup;
			children = (
				3BD76EF928A1ABD2001D64E2 /* Item.swift */,
				3B00F001293F678C0056B5C9 /* LaoderItem.swift */,
			);
			path = Model;
			sourceTree = "<group>";
		};
		3BFA9F97288734CA00A7FF2C = {
			isa = PBXGroup;
			children = (
				3BFA9FA2288734CA00A7FF2C /* FirebaseUserStore */,
				3BFA9FA1288734CA00A7FF2C /* Products */,
			);
			sourceTree = "<group>";
		};
		3BFA9FA1288734CA00A7FF2C /* Products */ = {
			isa = PBXGroup;
			children = (
				3BFA9FA0288734CA00A7FF2C /* FirebaseUserStore.app */,
			);
			name = Products;
			sourceTree = "<group>";
		};
		3BFA9FA2288734CA00A7FF2C /* FirebaseUserStore */ = {
			isa = PBXGroup;
			children = (
				3B07BB922940D2B90088B38B /* Repos */,
				3B2F78A52938FBC40035BAAF /* GoogleService-Info.plist */,
				3B1F669C28FC1404009225A4 /* Store */,
				3B77A13528F44BDB007710E2 /* Info.plist */,
				3BD76EE72899AF6C001D64E2 /* Base */,
				3BD76ECB2899AF6C001D64E2 /* App */,
				3B703D61296ACE3400F43A45 /* Coordinator */,
				3BFA9FA3288734CA00A7FF2C /* FirebaseUserStoreApp.swift */,
				3BFA9FA7288734CE00A7FF2C /* Assets.xcassets */,
				3BFA9FA9288734CE00A7FF2C /* Preview Content */,
			);
			path = FirebaseUserStore;
			sourceTree = "<group>";
		};
		3BFA9FA9288734CE00A7FF2C /* Preview Content */ = {
			isa = PBXGroup;
			children = (
				3BFA9FAA288734CE00A7FF2C /* Preview Assets.xcassets */,
			);
			path = "Preview Content";
			sourceTree = "<group>";
		};
		3BFAB6CC28BBE9E7002488FF /* Service */ = {
			isa = PBXGroup;
			children = (
				3B7A4B5329545248000AF26A /* mock */,
				3BFAB6CD28BBEA1C002488FF /* ItemsService.swift */,
				3B0AA8B328D9C95F00CEEFA4 /* ItemsServiceType.swift */,
				3BFBA693290AC98000AE9B82 /* ItemsServiceError.swift */,
			);
			path = Service;
			sourceTree = "<group>";
		};
/* End PBXGroup section */

/* Begin PBXNativeTarget section */
		3BFA9F9F288734CA00A7FF2C /* FirebaseUserStore */ = {
			isa = PBXNativeTarget;
			buildConfigurationList = 3BFA9FAE288734CE00A7FF2C /* Build configuration list for PBXNativeTarget "FirebaseUserStore" */;
			buildPhases = (
				3BFA9F9C288734CA00A7FF2C /* Sources */,
				3BFA9F9D288734CA00A7FF2C /* Frameworks */,
				3BFA9F9E288734CA00A7FF2C /* Resources */,
			);
			buildRules = (
			);
			dependencies = (
			);
			name = FirebaseUserStore;
			packageProductDependencies = (
				3B9DBAA228BD6502006C2407 /* FirebaseAuth */,
				3B9DBAA428BD6502006C2407 /* FirebaseDatabase */,
				3B9DBAA628BD6502006C2407 /* FirebaseFirestore */,
				3B9DBAA828BD6502006C2407 /* FirebaseStorage */,
			);
			productName = FirebaseUserStore;
			productReference = 3BFA9FA0288734CA00A7FF2C /* FirebaseUserStore.app */;
			productType = "com.apple.product-type.application";
		};
/* End PBXNativeTarget section */

/* Begin PBXProject section */
		3BFA9F98288734CA00A7FF2C /* Project object */ = {
			isa = PBXProject;
			attributes = {
				BuildIndependentTargetsInParallel = 1;
				LastSwiftUpdateCheck = 1330;
				LastUpgradeCheck = 1330;
				TargetAttributes = {
					3BFA9F9F288734CA00A7FF2C = {
						CreatedOnToolsVersion = 13.3;
					};
				};
			};
			buildConfigurationList = 3BFA9F9B288734CA00A7FF2C /* Build configuration list for PBXProject "FirebaseUserStore" */;
			compatibilityVersion = "Xcode 13.0";
			developmentRegion = en;
			hasScannedForEncodings = 0;
			knownRegions = (
				en,
				Base,
			);
			mainGroup = 3BFA9F97288734CA00A7FF2C;
			packageReferences = (
				3B9DBAA128BD6502006C2407 /* XCRemoteSwiftPackageReference "firebase-ios-sdk" */,
			);
			productRefGroup = 3BFA9FA1288734CA00A7FF2C /* Products */;
			projectDirPath = "";
			projectRoot = "";
			targets = (
				3BFA9F9F288734CA00A7FF2C /* FirebaseUserStore */,
			);
		};
/* End PBXProject section */

/* Begin PBXResourcesBuildPhase section */
		3BFA9F9E288734CA00A7FF2C /* Resources */ = {
			isa = PBXResourcesBuildPhase;
			buildActionMask = 2147483647;
			files = (
				3B306D4B2945DB2D00BEC321 /* Assets.xcassets in Resources */,
				3B2F78A62938FBC40035BAAF /* GoogleService-Info.plist in Resources */,
			);
			runOnlyForDeploymentPostprocessing = 0;
		};
/* End PBXResourcesBuildPhase section */

/* Begin PBXSourcesBuildPhase section */
		3BFA9F9C288734CA00A7FF2C /* Sources */ = {
			isa = PBXSourcesBuildPhase;
			buildActionMask = 2147483647;
			files = (
				3B2F78A22937880A0035BAAF /* FeedPackages.swift in Sources */,
				3B07BB942940D3090088B38B /* GlobalStoreRepository.swift in Sources */,
				3B45AC0E292BC8DE002531D8 /* LoginState.swift in Sources */,
				3BE57E4B294241A4004B4423 /* ImageView.swift in Sources */,
				3B7AE4DB296CB564002A9948 /* GlobalSender.swift in Sources */,
				3B1F66A028FC1429009225A4 /* AlertProvider.swift in Sources */,
				3B6B2AED2930C91900784F04 /* ForgotPasswordServiceError.swift in Sources */,
				3BAC25FE28E5B8FA00E9D3C1 /* AboutView.swift in Sources */,
				3B81C4F02923D0160008BD8E /* SheetShowViewModifier.swift in Sources */,
				3B1F669E28FC141F009225A4 /* Entities.swift in Sources */,
				3BFBA694290AC98000AE9B82 /* ItemsServiceError.swift in Sources */,
				3B703D552967366500F43A45 /* ForgotState.swift in Sources */,
				3BB7861D294893C600012DB0 /* ScrollView.swift in Sources */,
				3B00F002293F678C0056B5C9 /* LaoderItem.swift in Sources */,
				3BD76EFA28A1ABD2001D64E2 /* Item.swift in Sources */,
				3B45AC10292BC8F6002531D8 /* LoginReducer.swift in Sources */,
				3B7AE4C6296C4577002A9948 /* LoginCoordinator+Link.swift in Sources */,
				3B45AC05292BC862002531D8 /* LoginDispatcher.swift in Sources */,
				3BD6489B290D330C0029F4E9 /* Array.swift in Sources */,
				3B7AE4D5296C6085002A9948 /* RegisterationState.swift in Sources */,
				3BD76EF42899AF6C001D64E2 /* SessionService.swift in Sources */,
				3B0E36BE293E2B8C009A7DCE /* ButtonView.swift in Sources */,
				3B7AE4DD296D6C4D002A9948 /* FeedCoordinator.swift in Sources */,
				3B2F78A029377EB30035BAAF /* LoginPackages.swift in Sources */,
				3B0E36C0293E2BA6009A7DCE /* InputPasswordView.swift in Sources */,
				3B1F669A28FC0C6C009225A4 /* Store.swift in Sources */,
				3BC63D3F29509E2F00DF54A8 /* FeedCollectionView.swift in Sources */,
				3B45AC08292BC884002531D8 /* LoginStore+Middleware.swift in Sources */,
				3BFAB6CE28BBEA1C002488FF /* ItemsService.swift in Sources */,
				3B81C4F22924C8820008BD8E /* FeedStore+Middleware.swift in Sources */,
				3BD6489D290E80040029F4E9 /* Middleware.swift in Sources */,
				3BD76EEA2899AF6C001D64E2 /* FeedView.swift in Sources */,
				3B7AE4D9296C6085002A9948 /* RegisterationReducer.swift in Sources */,
				3B77954F2926C5E300A70A9A /* ProgressStatusPublisher.swift in Sources */,
				3BD76EED2899AF6C001D64E2 /* RegisterView.swift in Sources */,
				3B703D532967366500F43A45 /* ForgotMutation.swift in Sources */,
				3B77954A2926222000A70A9A /* ProgressViewModifier.swift in Sources */,
				3B77A12D28F059FB007710E2 /* AwaitPublisher.swift in Sources */,
				3B1F669828FC0C6C009225A4 /* FeedMutation.swift in Sources */,
				3B4C44A729019E5500CDC700 /* FeedReducer.swift in Sources */,
				3B1F669B28FC0C6C009225A4 /* FeedAction.swift in Sources */,
				3B703D522967366500F43A45 /* ForgotPackages.swift in Sources */,
				3B7AE4D7296C6085002A9948 /* RegisterationAction.swift in Sources */,
				3B703D592967366500F43A45 /* ForgotReducer.swift in Sources */,
				3B7AE4D2296C6085002A9948 /* RegisterationPackages.swift in Sources */,
				3B7A4B5B29546583000AF26A /* FetchedResponce.swift in Sources */,
				3BD76EF22899AF6C001D64E2 /* LoginService.swift in Sources */,
				3BD76EEF2899AF6C001D64E2 /* ForgotPasswordService.swift in Sources */,
				3BB7861B294886D400012DB0 /* Progress.swift in Sources */,
				3B7A4B552954525E000AF26A /* MockItemsService.swift in Sources */,
				3BD76EEC2899AF6C001D64E2 /* RegistrationService.swift in Sources */,
				3B703D6029698F6200F43A45 /* ProgressProvider.swift in Sources */,
				3B45AC0C292BC8C7002531D8 /* LoginMutation.swift in Sources */,
				3BC0A334292FEFAA008B348D /* LoginServiceError.swift in Sources */,
				3B0AA8B428D9C95F00CEEFA4 /* ItemsServiceType.swift in Sources */,
				3BD76EF52899AF6C001D64E2 /* NavigationCloseViewModifier.swift in Sources */,
				3B703D542967366500F43A45 /* ForgotStore+Middleware.swift in Sources */,
				3BD76EF32899AF6C001D64E2 /* LoginView.swift in Sources */,
				3B5EDCFC294C6E110010C378 /* DeleteModifier.swift in Sources */,
				3B45AC03292BC658002531D8 /* RegistrationServiceError.swift in Sources */,
				3BD76EF02899AF6C001D64E2 /* ForgotPasswordView.swift in Sources */,
				3B703D5E29698EF200F43A45 /* ProcessProvider.swift in Sources */,
				3B7AE4D4296C6085002A9948 /* RegisterationStore+Middleware.swift in Sources */,
				3BE57E4D2943362E004B4423 /* FeedCellView.swift in Sources */,
				3B7AE4D6296C6085002A9948 /* RegisterationDispatcher.swift in Sources */,
				3B4B8F5B293B922D007B4DC9 /* ProcessViewModifier.swift in Sources */,
				3B0AA8B228D9C5D300CEEFA4 /* AlertShowViewModifier.swift in Sources */,
				3B7AE4D3296C6085002A9948 /* RegisterationMutation.swift in Sources */,
				3B1F669628FC0C6C009225A4 /* FeedDispatcher.swift in Sources */,
				3B1F669728FC0C6C009225A4 /* FeedState.swift in Sources */,
				3B703D63296ACE4A00F43A45 /* GlobalCoordinator.swift in Sources */,
				3BC63D412951B1C300DF54A8 /* SearchBar.swift in Sources */,
				3B703D562967366500F43A45 /* ForgotDispatcher.swift in Sources */,
				3BFA9FA4288734CA00A7FF2C /* FirebaseUserStoreApp.swift in Sources */,
				3B703D572967366500F43A45 /* ForgotAction.swift in Sources */,
				3B45AC0A292BC8AC002531D8 /* LoginAction.swift in Sources */,
				3B81C4F429251FF70008BD8E /* SessionServiceError.swift in Sources */,
			);
			runOnlyForDeploymentPostprocessing = 0;
		};
/* End PBXSourcesBuildPhase section */

/* Begin XCBuildConfiguration section */
		3BFA9FAC288734CE00A7FF2C /* Debug */ = {
			isa = XCBuildConfiguration;
			buildSettings = {
				ALWAYS_SEARCH_USER_PATHS = NO;
				CLANG_ANALYZER_NONNULL = YES;
				CLANG_ANALYZER_NUMBER_OBJECT_CONVERSION = YES_AGGRESSIVE;
				CLANG_CXX_LANGUAGE_STANDARD = "gnu++17";
				CLANG_ENABLE_MODULES = YES;
				CLANG_ENABLE_OBJC_ARC = YES;
				CLANG_ENABLE_OBJC_WEAK = YES;
				CLANG_WARN_BLOCK_CAPTURE_AUTORELEASING = YES;
				CLANG_WARN_BOOL_CONVERSION = YES;
				CLANG_WARN_COMMA = YES;
				CLANG_WARN_CONSTANT_CONVERSION = YES;
				CLANG_WARN_DEPRECATED_OBJC_IMPLEMENTATIONS = YES;
				CLANG_WARN_DIRECT_OBJC_ISA_USAGE = YES_ERROR;
				CLANG_WARN_DOCUMENTATION_COMMENTS = YES;
				CLANG_WARN_EMPTY_BODY = YES;
				CLANG_WARN_ENUM_CONVERSION = YES;
				CLANG_WARN_INFINITE_RECURSION = YES;
				CLANG_WARN_INT_CONVERSION = YES;
				CLANG_WARN_NON_LITERAL_NULL_CONVERSION = YES;
				CLANG_WARN_OBJC_IMPLICIT_RETAIN_SELF = YES;
				CLANG_WARN_OBJC_LITERAL_CONVERSION = YES;
				CLANG_WARN_OBJC_ROOT_CLASS = YES_ERROR;
				CLANG_WARN_QUOTED_INCLUDE_IN_FRAMEWORK_HEADER = YES;
				CLANG_WARN_RANGE_LOOP_ANALYSIS = YES;
				CLANG_WARN_STRICT_PROTOTYPES = YES;
				CLANG_WARN_SUSPICIOUS_MOVE = YES;
				CLANG_WARN_UNGUARDED_AVAILABILITY = YES_AGGRESSIVE;
				CLANG_WARN_UNREACHABLE_CODE = YES;
				CLANG_WARN__DUPLICATE_METHOD_MATCH = YES;
				COPY_PHASE_STRIP = NO;
				DEBUG_INFORMATION_FORMAT = dwarf;
				ENABLE_STRICT_OBJC_MSGSEND = YES;
				ENABLE_TESTABILITY = YES;
				GCC_C_LANGUAGE_STANDARD = gnu11;
				GCC_DYNAMIC_NO_PIC = NO;
				GCC_NO_COMMON_BLOCKS = YES;
				GCC_OPTIMIZATION_LEVEL = 0;
				GCC_PREPROCESSOR_DEFINITIONS = (
					"DEBUG=1",
					"$(inherited)",
				);
				GCC_WARN_64_TO_32_BIT_CONVERSION = YES;
				GCC_WARN_ABOUT_RETURN_TYPE = YES_ERROR;
				GCC_WARN_UNDECLARED_SELECTOR = YES;
				GCC_WARN_UNINITIALIZED_AUTOS = YES_AGGRESSIVE;
				GCC_WARN_UNUSED_FUNCTION = YES;
				GCC_WARN_UNUSED_VARIABLE = YES;
				IPHONEOS_DEPLOYMENT_TARGET = 16.0;
				MTL_ENABLE_DEBUG_INFO = INCLUDE_SOURCE;
				MTL_FAST_MATH = YES;
				ONLY_ACTIVE_ARCH = YES;
				SDKROOT = iphoneos;
				SWIFT_ACTIVE_COMPILATION_CONDITIONS = DEBUG;
				SWIFT_OPTIMIZATION_LEVEL = "-Onone";
			};
			name = Debug;
		};
		3BFA9FAD288734CE00A7FF2C /* Release */ = {
			isa = XCBuildConfiguration;
			buildSettings = {
				ALWAYS_SEARCH_USER_PATHS = NO;
				CLANG_ANALYZER_NONNULL = YES;
				CLANG_ANALYZER_NUMBER_OBJECT_CONVERSION = YES_AGGRESSIVE;
				CLANG_CXX_LANGUAGE_STANDARD = "gnu++17";
				CLANG_ENABLE_MODULES = YES;
				CLANG_ENABLE_OBJC_ARC = YES;
				CLANG_ENABLE_OBJC_WEAK = YES;
				CLANG_WARN_BLOCK_CAPTURE_AUTORELEASING = YES;
				CLANG_WARN_BOOL_CONVERSION = YES;
				CLANG_WARN_COMMA = YES;
				CLANG_WARN_CONSTANT_CONVERSION = YES;
				CLANG_WARN_DEPRECATED_OBJC_IMPLEMENTATIONS = YES;
				CLANG_WARN_DIRECT_OBJC_ISA_USAGE = YES_ERROR;
				CLANG_WARN_DOCUMENTATION_COMMENTS = YES;
				CLANG_WARN_EMPTY_BODY = YES;
				CLANG_WARN_ENUM_CONVERSION = YES;
				CLANG_WARN_INFINITE_RECURSION = YES;
				CLANG_WARN_INT_CONVERSION = YES;
				CLANG_WARN_NON_LITERAL_NULL_CONVERSION = YES;
				CLANG_WARN_OBJC_IMPLICIT_RETAIN_SELF = YES;
				CLANG_WARN_OBJC_LITERAL_CONVERSION = YES;
				CLANG_WARN_OBJC_ROOT_CLASS = YES_ERROR;
				CLANG_WARN_QUOTED_INCLUDE_IN_FRAMEWORK_HEADER = YES;
				CLANG_WARN_RANGE_LOOP_ANALYSIS = YES;
				CLANG_WARN_STRICT_PROTOTYPES = YES;
				CLANG_WARN_SUSPICIOUS_MOVE = YES;
				CLANG_WARN_UNGUARDED_AVAILABILITY = YES_AGGRESSIVE;
				CLANG_WARN_UNREACHABLE_CODE = YES;
				CLANG_WARN__DUPLICATE_METHOD_MATCH = YES;
				COPY_PHASE_STRIP = NO;
				DEBUG_INFORMATION_FORMAT = "dwarf-with-dsym";
				ENABLE_NS_ASSERTIONS = NO;
				ENABLE_STRICT_OBJC_MSGSEND = YES;
				GCC_C_LANGUAGE_STANDARD = gnu11;
				GCC_NO_COMMON_BLOCKS = YES;
				GCC_WARN_64_TO_32_BIT_CONVERSION = YES;
				GCC_WARN_ABOUT_RETURN_TYPE = YES_ERROR;
				GCC_WARN_UNDECLARED_SELECTOR = YES;
				GCC_WARN_UNINITIALIZED_AUTOS = YES_AGGRESSIVE;
				GCC_WARN_UNUSED_FUNCTION = YES;
				GCC_WARN_UNUSED_VARIABLE = YES;
				IPHONEOS_DEPLOYMENT_TARGET = 16.0;
				MTL_ENABLE_DEBUG_INFO = NO;
				MTL_FAST_MATH = YES;
				SDKROOT = iphoneos;
				SWIFT_COMPILATION_MODE = wholemodule;
				SWIFT_OPTIMIZATION_LEVEL = "-O";
				VALIDATE_PRODUCT = YES;
			};
			name = Release;
		};
		3BFA9FAF288734CE00A7FF2C /* Debug */ = {
			isa = XCBuildConfiguration;
			buildSettings = {
				ASSETCATALOG_COMPILER_APPICON_NAME = AppIcon;
				ASSETCATALOG_COMPILER_GLOBAL_ACCENT_COLOR_NAME = AccentColor;
				CODE_SIGN_STYLE = Automatic;
				CURRENT_PROJECT_VERSION = 1;
				DEVELOPMENT_ASSET_PATHS = "\"FirebaseUserStore/Preview Content\"";
				DEVELOPMENT_TEAM = 4H567BRJRC;
				ENABLE_PREVIEWS = YES;
				GENERATE_INFOPLIST_FILE = YES;
				INFOPLIST_FILE = FirebaseUserStore/Info.plist;
				INFOPLIST_KEY_UIApplicationSceneManifest_Generation = YES;
				INFOPLIST_KEY_UIApplicationSupportsIndirectInputEvents = YES;
				INFOPLIST_KEY_UILaunchScreen_Generation = YES;
				INFOPLIST_KEY_UISupportedInterfaceOrientations_iPad = "UIInterfaceOrientationPortrait UIInterfaceOrientationPortraitUpsideDown UIInterfaceOrientationLandscapeLeft UIInterfaceOrientationLandscapeRight";
				INFOPLIST_KEY_UISupportedInterfaceOrientations_iPhone = "UIInterfaceOrientationPortrait UIInterfaceOrientationLandscapeLeft UIInterfaceOrientationLandscapeRight";
				IPHONEOS_DEPLOYMENT_TARGET = 16.0;
				LD_RUNPATH_SEARCH_PATHS = (
					"$(inherited)",
					"@executable_path/Frameworks",
				);
				MARKETING_VERSION = 1.0;
				OTHER_LDFLAGS = "-ObjC";
				PRODUCT_BUNDLE_IDENTIFIER = com.hy99ee.FirebaseUserStore;
				PRODUCT_NAME = FirebaseUserStore;
				SWIFT_EMIT_LOC_STRINGS = YES;
				SWIFT_VERSION = 5.0;
				TARGETED_DEVICE_FAMILY = "1,2";
			};
			name = Debug;
		};
		3BFA9FB0288734CE00A7FF2C /* Release */ = {
			isa = XCBuildConfiguration;
			buildSettings = {
				ASSETCATALOG_COMPILER_APPICON_NAME = AppIcon;
				ASSETCATALOG_COMPILER_GLOBAL_ACCENT_COLOR_NAME = AccentColor;
				CODE_SIGN_STYLE = Automatic;
				CURRENT_PROJECT_VERSION = 1;
				DEVELOPMENT_ASSET_PATHS = "\"FirebaseUserStore/Preview Content\"";
				DEVELOPMENT_TEAM = 4H567BRJRC;
				ENABLE_PREVIEWS = YES;
				GENERATE_INFOPLIST_FILE = YES;
				INFOPLIST_FILE = FirebaseUserStore/Info.plist;
				INFOPLIST_KEY_UIApplicationSceneManifest_Generation = YES;
				INFOPLIST_KEY_UIApplicationSupportsIndirectInputEvents = YES;
				INFOPLIST_KEY_UILaunchScreen_Generation = YES;
				INFOPLIST_KEY_UISupportedInterfaceOrientations_iPad = "UIInterfaceOrientationPortrait UIInterfaceOrientationPortraitUpsideDown UIInterfaceOrientationLandscapeLeft UIInterfaceOrientationLandscapeRight";
				INFOPLIST_KEY_UISupportedInterfaceOrientations_iPhone = "UIInterfaceOrientationPortrait UIInterfaceOrientationLandscapeLeft UIInterfaceOrientationLandscapeRight";
				IPHONEOS_DEPLOYMENT_TARGET = 16.0;
				LD_RUNPATH_SEARCH_PATHS = (
					"$(inherited)",
					"@executable_path/Frameworks",
				);
				MARKETING_VERSION = 1.0;
				OTHER_LDFLAGS = "-ObjC";
				PRODUCT_BUNDLE_IDENTIFIER = com.hy99ee.FirebaseUserStore;
				PRODUCT_NAME = FirebaseUserStore;
				SWIFT_EMIT_LOC_STRINGS = YES;
				SWIFT_VERSION = 5.0;
				TARGETED_DEVICE_FAMILY = "1,2";
			};
			name = Release;
		};
/* End XCBuildConfiguration section */

/* Begin XCConfigurationList section */
		3BFA9F9B288734CA00A7FF2C /* Build configuration list for PBXProject "FirebaseUserStore" */ = {
			isa = XCConfigurationList;
			buildConfigurations = (
				3BFA9FAC288734CE00A7FF2C /* Debug */,
				3BFA9FAD288734CE00A7FF2C /* Release */,
			);
			defaultConfigurationIsVisible = 0;
			defaultConfigurationName = Release;
		};
		3BFA9FAE288734CE00A7FF2C /* Build configuration list for PBXNativeTarget "FirebaseUserStore" */ = {
			isa = XCConfigurationList;
			buildConfigurations = (
				3BFA9FAF288734CE00A7FF2C /* Debug */,
				3BFA9FB0288734CE00A7FF2C /* Release */,
			);
			defaultConfigurationIsVisible = 0;
			defaultConfigurationName = Release;
		};
/* End XCConfigurationList section */

/* Begin XCRemoteSwiftPackageReference section */
		3B9DBAA128BD6502006C2407 /* XCRemoteSwiftPackageReference "firebase-ios-sdk" */ = {
			isa = XCRemoteSwiftPackageReference;
			repositoryURL = "https://github.com/firebase/firebase-ios-sdk.git";
			requirement = {
				branch = master;
				kind = branch;
			};
		};
/* End XCRemoteSwiftPackageReference section */

/* Begin XCSwiftPackageProductDependency section */
		3B9DBAA228BD6502006C2407 /* FirebaseAuth */ = {
			isa = XCSwiftPackageProductDependency;
			package = 3B9DBAA128BD6502006C2407 /* XCRemoteSwiftPackageReference "firebase-ios-sdk" */;
			productName = FirebaseAuth;
		};
		3B9DBAA428BD6502006C2407 /* FirebaseDatabase */ = {
			isa = XCSwiftPackageProductDependency;
			package = 3B9DBAA128BD6502006C2407 /* XCRemoteSwiftPackageReference "firebase-ios-sdk" */;
			productName = FirebaseDatabase;
		};
		3B9DBAA628BD6502006C2407 /* FirebaseFirestore */ = {
			isa = XCSwiftPackageProductDependency;
			package = 3B9DBAA128BD6502006C2407 /* XCRemoteSwiftPackageReference "firebase-ios-sdk" */;
			productName = FirebaseFirestore;
		};
		3B9DBAA828BD6502006C2407 /* FirebaseStorage */ = {
			isa = XCSwiftPackageProductDependency;
			package = 3B9DBAA128BD6502006C2407 /* XCRemoteSwiftPackageReference "firebase-ios-sdk" */;
			productName = FirebaseStorage;
		};
/* End XCSwiftPackageProductDependency section */
	};
	rootObject = 3BFA9F98288734CA00A7FF2C /* Project object */;
}
